gitee.com/chunanyong/zorm v1.6.1 h1:ladwHLye3dEH+uaRZexHOoWEQUY6iPK1l1c1tnOSxak=
gitee.com/chunanyong/zorm v1.6.1/go.mod h1:Sk+vofBqQXgNrDTe+nWhV6iMXhiBObFHdCo1MfvAdi8=
github.com/go-sql-driver/mysql v1.6.0 h1:BCTh4TKNUYmOmMUcQ3IipzF5prigylS7XXjEkfCHuOE=
github.com/go-sql-driver/mysql v1.6.0/go.mod h1:DCzpHaOWr8IXmIStZouvnhqoel9Qv2LBy8hT2VhHyBg=
github.com/mattn/go-oci8 v0.1.1 h1:aEUDxNAyDG0tv8CA3TArnDQNyc4EhnWlsfxRgDHABHM=
github.com/mattn/go-oci8 v0.1.1/go.mod h1:wjDx6Xm9q7dFtHJvIlrI99JytznLw5wQ4R+9mNXJwGI=
github.com/mattn/go-sqlite3 v1.14.15 h1:vfoHhTN1af61xCRSWzFIWzx2YskyMTwHLrExkBOjvxI=
github.com/mattn/go-sqlite3 v1.14.15/go.mod h1:2eHXhiwb8IkHr+BDWZGa96P6+rkvnG63S2DGjv9HUNg=
github.com/team-ide/go-driver v1.0.3 h1:Y7P9aVTrSNQ13mSGS/sipKJF/zVLezdA6eLnCGkHKl8=
github.com/team-ide/go-driver v1.0.3/go.mod h1:d47RndYUbM4VrkK2moKOt4tl+Hj3RaDJO0ATZsyc3Cg=
